
Microsoft Visual Studio Solution File, Format Version 12.00
# Visual Studio 15
Project("{FAE04EC0-301F-11D3-BF4B-00C04F79EFBC}") = "C-TEST-APP-1", "C-TEST-APP-1\C-TEST-APP-1.csproj", "{553D0D07-C8FF-4390-838B-578DEDC9E83A}"
EndProject
Global
	GlobalSection(SolutionConfigurationPlatforms) = preSolution
		Debug|anycpu = Debug|anycpu
		Release|anycpu = Release|anycpu
	EndGlobalSection
	GlobalSection(ProjectConfigurationPlatforms) = postSolution
		{553D0D07-C8FF-4390-838B-578DEDC9E83A}.Debug|anycpu.ActiveCfg = Debug|anycpu
		{553D0D07-C8FF-4390-838B-578DEDC9E83A}.Debug|anycpu.Build.0 = Debug|anycpu
		{553D0D07-C8FF-4390-838B-578DEDC9E83A}.Release|anycpu.ActiveCfg = Release|anycpu
		{553D0D07-C8FF-4390-838B-578DEDC9E83A}.Release|anycpu.Build.0 = Release|anycpu
	EndGlobalSection
EndGlobal
